PODS:
  - Cucumberish (1.4.0)
  - SnapKit (5.0.1)

DEPENDENCIES:
  - Cucumberish (~> 1.4.0)
  - SnapKit (~> 5.0.1)

SPEC REPOS:
  https://github.com/CocoaPods/Specs.git:
    - Cucumberish
    - SnapKit

SPEC CHECKSUMS:
  Cucumberish: 6cbd0c1f50306b369acebfe7d9f514c9c287d26c
  SnapKit: 97b92857e3df3a0c71833cce143274bf6ef8e5eb

PODFILE CHECKSUM: 53c10af2dcd4fc3b045fc3ae3a2af5b84e808f24

COCOAPODS: 1.11.2
