// !$*UTF8*$!
{
	archiveVersion = 1;
	classes = {
	};
	objectVersion = 50;
	objects = {

/* Begin PBXBuildFile section */
		485FACD625C2313FF4D88BC1 /* Pods_SpellChecker_SpellCheckerUITests.framework in Frameworks */ = {isa = PBXBuildFile; fileRef = 5BCC43598CD4702600A13059 /* Pods_SpellChecker_SpellCheckerUITests.framework */; };
		6B45112B216D097B0030F276 /* SpellDetailViewController.swift in Sources */ = {isa = PBXBuildFile; fileRef = 6B45112A216D097B0030F276 /* SpellDetailViewController.swift */; };
		6B45112F216E5F940030F276 /* SpellCell.swift in Sources */ = {isa = PBXBuildFile; fileRef = 6B45112E216E5F940030F276 /* SpellCell.swift */; };
		6B80AC87216663E100A5E0C1 /* AppDelegate.swift in Sources */ = {isa = PBXBuildFile; fileRef = 6B80AC86216663E100A5E0C1 /* AppDelegate.swift */; };
		6B80AC8C216663E200A5E0C1 /* Main.storyboard in Resources */ = {isa = PBXBuildFile; fileRef = 6B80AC8A216663E200A5E0C1 /* Main.storyboard */; };
		6B80AC8E216663E300A5E0C1 /* Assets.xcassets in Resources */ = {isa = PBXBuildFile; fileRef = 6B80AC8D216663E300A5E0C1 /* Assets.xcassets */; };
		6B80AC91216663E300A5E0C1 /* LaunchScreen.storyboard in Resources */ = {isa = PBXBuildFile; fileRef = 6B80AC8F216663E300A5E0C1 /* LaunchScreen.storyboard */; };
		6B80ACB52166644700A5E0C1 /* SpellListViewController.swift in Sources */ = {isa = PBXBuildFile; fileRef = 6B80ACB42166644700A5E0C1 /* SpellListViewController.swift */; };
		6B80ACB7216664F100A5E0C1 /* Spell.swift in Sources */ = {isa = PBXBuildFile; fileRef = 6B80ACB6216664F100A5E0C1 /* Spell.swift */; };
		6B80ACB92166650000A5E0C1 /* SpellStore.swift in Sources */ = {isa = PBXBuildFile; fileRef = 6B80ACB82166650000A5E0C1 /* SpellStore.swift */; };
		D3D65AC3ABDA620C54BD7D69 /* Pods_SpellChecker.framework in Frameworks */ = {isa = PBXBuildFile; fileRef = 7DB00EE36991BDFB759882E7 /* Pods_SpellChecker.framework */; };
		D92C479224AA7E700017485B /* CreatingSpellsSteps.swift in Sources */ = {isa = PBXBuildFile; fileRef = D92C479124AA7E700017485B /* CreatingSpellsSteps.swift */; };
		D92C479624AA7F050017485B /* CreatingSpellsScreen.swift in Sources */ = {isa = PBXBuildFile; fileRef = D92C479524AA7F050017485B /* CreatingSpellsScreen.swift */; };
		D92C479924AAED610017485B /* UIViewController+DismissKeyboard.swift in Sources */ = {isa = PBXBuildFile; fileRef = D92C479824AAED610017485B /* UIViewController+DismissKeyboard.swift */; };
		D97AFCD8245E61E2008265CF /* MockData.swift in Sources */ = {isa = PBXBuildFile; fileRef = D97AFCD7245E61E2008265CF /* MockData.swift */; };
		D987E590245DD8B6006FE232 /* Localizable.strings in Resources */ = {isa = PBXBuildFile; fileRef = D987E592245DD8B6006FE232 /* Localizable.strings */; };
		D987E595245DDB4F006FE232 /* Strings.swift in Sources */ = {isa = PBXBuildFile; fileRef = D987E594245DDB4F006FE232 /* Strings.swift */; };
		D987E599245DFCD7006FE232 /* CustomButton.swift in Sources */ = {isa = PBXBuildFile; fileRef = D987E598245DFCD7006FE232 /* CustomButton.swift */; };
		D9CFB5BE24A93C9600C7603A /* UITextViewFixed.swift in Sources */ = {isa = PBXBuildFile; fileRef = D9CFB5BD24A93C9600C7603A /* UITextViewFixed.swift */; };
		D9D40D68235E95510041DD12 /* CucumberishTests.m in Sources */ = {isa = PBXBuildFile; fileRef = D9D40D66235E95510041DD12 /* CucumberishTests.m */; };
		D9D40D69235E95510041DD12 /* CucumberishInitializer.swift in Sources */ = {isa = PBXBuildFile; fileRef = D9D40D67235E95510041DD12 /* CucumberishInitializer.swift */; };
		D9D40D6F235E95DD0041DD12 /* Features in Resources */ = {isa = PBXBuildFile; fileRef = D9D40D6E235E95DD0041DD12 /* Features */; };
		D9D40D72235E96C60041DD12 /* CheckingSpellsSteps.swift in Sources */ = {isa = PBXBuildFile; fileRef = D9D40D71235E96C60041DD12 /* CheckingSpellsSteps.swift */; };
		D9D40D74235E97220041DD12 /* CheckingSpellsScreen.swift in Sources */ = {isa = PBXBuildFile; fileRef = D9D40D73235E97220041DD12 /* CheckingSpellsScreen.swift */; };
		D9D40D77235E9CE10041DD12 /* UITestID.swift in Sources */ = {isa = PBXBuildFile; fileRef = D9D40D76235E9CE10041DD12 /* UITestID.swift */; };
		D9D40D78235E9CE10041DD12 /* UITestID.swift in Sources */ = {isa = PBXBuildFile; fileRef = D9D40D76235E9CE10041DD12 /* UITestID.swift */; };
		D9D8DCE3245F47590013104C /* WizardViewController.swift in Sources */ = {isa = PBXBuildFile; fileRef = D9D8DCE2245F47590013104C /* WizardViewController.swift */; };
		D9D8DCE5245F73170013104C /* SpellType.swift in Sources */ = {isa = PBXBuildFile; fileRef = D9D8DCE4245F73170013104C /* SpellType.swift */; };
		D9DAF36D245E4D030029EF22 /* ToastOverlay.swift in Sources */ = {isa = PBXBuildFile; fileRef = D9DAF36C245E4D030029EF22 /* ToastOverlay.swift */; };
		D9F2BA9824282EDA00668889 /* NewSpellViewController.swift in Sources */ = {isa = PBXBuildFile; fileRef = D9F2BA9724282EDA00668889 /* NewSpellViewController.swift */; };
/* End PBXBuildFile section */

/* Begin PBXContainerItemProxy section */
		6B80ACA3216663E300A5E0C1 /* PBXContainerItemProxy */ = {
			isa = PBXContainerItemProxy;
			containerPortal = 6B80AC7B216663E100A5E0C1 /* Project object */;
			proxyType = 1;
			remoteGlobalIDString = 6B80AC82216663E100A5E0C1;
			remoteInfo = LootLogger;
		};
/* End PBXContainerItemProxy section */

/* Begin PBXFileReference section */
		1CF91DAD43C40DC064595441 /* Pods-SpellChecker-SpellCheckerUITests.debug.xcconfig */ = {isa = PBXFileReference; includeInIndex = 1; lastKnownFileType = text.xcconfig; name = "Pods-SpellChecker-SpellCheckerUITests.debug.xcconfig"; path = "Target Support Files/Pods-SpellChecker-SpellCheckerUITests/Pods-SpellChecker-SpellCheckerUITests.debug.xcconfig"; sourceTree = "<group>"; };
		5BCC43598CD4702600A13059 /* Pods_SpellChecker_SpellCheckerUITests.framework */ = {isa = PBXFileReference; explicitFileType = wrapper.framework; includeInIndex = 0; path = Pods_SpellChecker_SpellCheckerUITests.framework; sourceTree = BUILT_PRODUCTS_DIR; };
		67F6A089A72AD239B525F838 /* Pods-SpellChecker.release.xcconfig */ = {isa = PBXFileReference; includeInIndex = 1; lastKnownFileType = text.xcconfig; name = "Pods-SpellChecker.release.xcconfig"; path = "Target Support Files/Pods-SpellChecker/Pods-SpellChecker.release.xcconfig"; sourceTree = "<group>"; };
		6B45112A216D097B0030F276 /* SpellDetailViewController.swift */ = {isa = PBXFileReference; fileEncoding = 4; lastKnownFileType = sourcecode.swift; path = SpellDetailViewController.swift; sourceTree = "<group>"; };
		6B45112E216E5F940030F276 /* SpellCell.swift */ = {isa = PBXFileReference; fileEncoding = 4; lastKnownFileType = sourcecode.swift; path = SpellCell.swift; sourceTree = "<group>"; };
		6B80AC83216663E100A5E0C1 /* SpellChecker.app */ = {isa = PBXFileReference; explicitFileType = wrapper.application; includeInIndex = 0; path = SpellChecker.app; sourceTree = BUILT_PRODUCTS_DIR; };
		6B80AC86216663E100A5E0C1 /* AppDelegate.swift */ = {isa = PBXFileReference; lastKnownFileType = sourcecode.swift; path = AppDelegate.swift; sourceTree = "<group>"; };
		6B80AC8B216663E200A5E0C1 /* Base */ = {isa = PBXFileReference; lastKnownFileType = file.storyboard; name = Base; path = Base.lproj/Main.storyboard; sourceTree = "<group>"; };
		6B80AC8D216663E300A5E0C1 /* Assets.xcassets */ = {isa = PBXFileReference; lastKnownFileType = folder.assetcatalog; path = Assets.xcassets; sourceTree = "<group>"; };
		6B80AC90216663E300A5E0C1 /* Base */ = {isa = PBXFileReference; lastKnownFileType = file.storyboard; name = Base; path = Base.lproj/LaunchScreen.storyboard; sourceTree = "<group>"; };
		6B80AC92216663E300A5E0C1 /* Info.plist */ = {isa = PBXFileReference; lastKnownFileType = text.plist.xml; path = Info.plist; sourceTree = "<group>"; };
		6B80ACA2216663E300A5E0C1 /* SpellCheckerUITests.xctest */ = {isa = PBXFileReference; explicitFileType = wrapper.cfbundle; includeInIndex = 0; path = SpellCheckerUITests.xctest; sourceTree = BUILT_PRODUCTS_DIR; };
		6B80ACA8216663E300A5E0C1 /* Info.plist */ = {isa = PBXFileReference; lastKnownFileType = text.plist.xml; path = Info.plist; sourceTree = "<group>"; };
		6B80ACB42166644700A5E0C1 /* SpellListViewController.swift */ = {isa = PBXFileReference; lastKnownFileType = sourcecode.swift; path = SpellListViewController.swift; sourceTree = "<group>"; };
		6B80ACB6216664F100A5E0C1 /* Spell.swift */ = {isa = PBXFileReference; fileEncoding = 4; lastKnownFileType = sourcecode.swift; path = Spell.swift; sourceTree = "<group>"; };
		6B80ACB82166650000A5E0C1 /* SpellStore.swift */ = {isa = PBXFileReference; fileEncoding = 4; lastKnownFileType = sourcecode.swift; path = SpellStore.swift; sourceTree = "<group>"; };
		7DB00EE36991BDFB759882E7 /* Pods_SpellChecker.framework */ = {isa = PBXFileReference; explicitFileType = wrapper.framework; includeInIndex = 0; path = Pods_SpellChecker.framework; sourceTree = BUILT_PRODUCTS_DIR; };
		D92C479124AA7E700017485B /* CreatingSpellsSteps.swift */ = {isa = PBXFileReference; lastKnownFileType = sourcecode.swift; path = CreatingSpellsSteps.swift; sourceTree = "<group>"; };
		D92C479524AA7F050017485B /* CreatingSpellsScreen.swift */ = {isa = PBXFileReference; lastKnownFileType = sourcecode.swift; path = CreatingSpellsScreen.swift; sourceTree = "<group>"; };
		D92C479824AAED610017485B /* UIViewController+DismissKeyboard.swift */ = {isa = PBXFileReference; lastKnownFileType = sourcecode.swift; path = "UIViewController+DismissKeyboard.swift"; sourceTree = "<group>"; };
		D97AFCD7245E61E2008265CF /* MockData.swift */ = {isa = PBXFileReference; lastKnownFileType = sourcecode.swift; path = MockData.swift; sourceTree = "<group>"; };
		D987E58D245DD6D5006FE232 /* pt-BR */ = {isa = PBXFileReference; lastKnownFileType = text.plist.strings; name = "pt-BR"; path = "pt-BR.lproj/Main.strings"; sourceTree = "<group>"; };
		D987E591245DD8B6006FE232 /* en */ = {isa = PBXFileReference; lastKnownFileType = text.plist.strings; name = en; path = en.lproj/Localizable.strings; sourceTree = "<group>"; };
		D987E593245DD8BC006FE232 /* pt-BR */ = {isa = PBXFileReference; lastKnownFileType = text.plist.strings; name = "pt-BR"; path = "pt-BR.lproj/Localizable.strings"; sourceTree = "<group>"; };
		D987E594245DDB4F006FE232 /* Strings.swift */ = {isa = PBXFileReference; lastKnownFileType = sourcecode.swift; path = Strings.swift; sourceTree = "<group>"; };
		D987E596245DDD1E006FE232 /* fr-CA */ = {isa = PBXFileReference; lastKnownFileType = text.plist.strings; name = "fr-CA"; path = "fr-CA.lproj/Main.strings"; sourceTree = "<group>"; };
		D987E597245DDD1E006FE232 /* fr-CA */ = {isa = PBXFileReference; lastKnownFileType = text.plist.strings; name = "fr-CA"; path = "fr-CA.lproj/Localizable.strings"; sourceTree = "<group>"; };
		D987E598245DFCD7006FE232 /* CustomButton.swift */ = {isa = PBXFileReference; lastKnownFileType = sourcecode.swift; path = CustomButton.swift; sourceTree = "<group>"; };
		D9CFB5BD24A93C9600C7603A /* UITextViewFixed.swift */ = {isa = PBXFileReference; lastKnownFileType = sourcecode.swift; path = UITextViewFixed.swift; sourceTree = "<group>"; };
		D9D40D66235E95510041DD12 /* CucumberishTests.m */ = {isa = PBXFileReference; fileEncoding = 4; lastKnownFileType = sourcecode.c.objc; path = CucumberishTests.m; sourceTree = "<group>"; };
		D9D40D67235E95510041DD12 /* CucumberishInitializer.swift */ = {isa = PBXFileReference; fileEncoding = 4; lastKnownFileType = sourcecode.swift; path = CucumberishInitializer.swift; sourceTree = "<group>"; };
		D9D40D6E235E95DD0041DD12 /* Features */ = {isa = PBXFileReference; lastKnownFileType = folder; path = Features; sourceTree = "<group>"; };
		D9D40D71235E96C60041DD12 /* CheckingSpellsSteps.swift */ = {isa = PBXFileReference; lastKnownFileType = sourcecode.swift; path = CheckingSpellsSteps.swift; sourceTree = "<group>"; };
		D9D40D73235E97220041DD12 /* CheckingSpellsScreen.swift */ = {isa = PBXFileReference; lastKnownFileType = sourcecode.swift; path = CheckingSpellsScreen.swift; sourceTree = "<group>"; };
		D9D40D75235E99F40041DD12 /* SpellChecker-Bridging-Header.h */ = {isa = PBXFileReference; fileEncoding = 4; lastKnownFileType = sourcecode.c.h; path = "SpellChecker-Bridging-Header.h"; sourceTree = "<group>"; };
		D9D40D76235E9CE10041DD12 /* UITestID.swift */ = {isa = PBXFileReference; lastKnownFileType = sourcecode.swift; path = UITestID.swift; sourceTree = "<group>"; };
		D9D8DCE2245F47590013104C /* WizardViewController.swift */ = {isa = PBXFileReference; lastKnownFileType = sourcecode.swift; path = WizardViewController.swift; sourceTree = "<group>"; };
		D9D8DCE4245F73170013104C /* SpellType.swift */ = {isa = PBXFileReference; lastKnownFileType = sourcecode.swift; path = SpellType.swift; sourceTree = "<group>"; };
		D9DAF36C245E4D030029EF22 /* ToastOverlay.swift */ = {isa = PBXFileReference; lastKnownFileType = sourcecode.swift; path = ToastOverlay.swift; sourceTree = "<group>"; };
		D9F2BA9724282EDA00668889 /* NewSpellViewController.swift */ = {isa = PBXFileReference; lastKnownFileType = sourcecode.swift; path = NewSpellViewController.swift; sourceTree = "<group>"; };
		DE69BCF1D2A960FA058A6EA7 /* Pods-SpellChecker-SpellCheckerUITests.release.xcconfig */ = {isa = PBXFileReference; includeInIndex = 1; lastKnownFileType = text.xcconfig; name = "Pods-SpellChecker-SpellCheckerUITests.release.xcconfig"; path = "Target Support Files/Pods-SpellChecker-SpellCheckerUITests/Pods-SpellChecker-SpellCheckerUITests.release.xcconfig"; sourceTree = "<group>"; };
		F972B4D2A02C50576A4CE37E /* Pods-SpellChecker.debug.xcconfig */ = {isa = PBXFileReference; includeInIndex = 1; lastKnownFileType = text.xcconfig; name = "Pods-SpellChecker.debug.xcconfig"; path = "Target Support Files/Pods-SpellChecker/Pods-SpellChecker.debug.xcconfig"; sourceTree = "<group>"; };
/* End PBXFileReference section */

/* Begin PBXFrameworksBuildPhase section */
		6B80AC80216663E100A5E0C1 /* Frameworks */ = {
			isa = PBXFrameworksBuildPhase;
			buildActionMask = 2147483647;
			files = (
				D3D65AC3ABDA620C54BD7D69 /* Pods_SpellChecker.framework in Frameworks */,
			);
			runOnlyForDeploymentPostprocessing = 0;
		};
		6B80AC9F216663E300A5E0C1 /* Frameworks */ = {
			isa = PBXFrameworksBuildPhase;
			buildActionMask = 2147483647;
			files = (
				485FACD625C2313FF4D88BC1 /* Pods_SpellChecker_SpellCheckerUITests.framework in Frameworks */,
			);
			runOnlyForDeploymentPostprocessing = 0;
		};
/* End PBXFrameworksBuildPhase section */

/* Begin PBXGroup section */
		6B80AC7A216663E100A5E0C1 = {
			isa = PBXGroup;
			children = (
				6B80AC85216663E100A5E0C1 /* SpellChecker */,
				6B80ACA5216663E300A5E0C1 /* SpellCheckerUITests */,
				6B80AC84216663E100A5E0C1 /* Products */,
				F47DAE16B0F1417FBD70B67E /* Pods */,
				71444AB8290374E1C24827AD /* Frameworks */,
			);
			sourceTree = "<group>";
		};
		6B80AC84216663E100A5E0C1 /* Products */ = {
			isa = PBXGroup;
			children = (
				6B80AC83216663E100A5E0C1 /* SpellChecker.app */,
				6B80ACA2216663E300A5E0C1 /* SpellCheckerUITests.xctest */,
			);
			name = Products;
			sourceTree = "<group>";
		};
		6B80AC85216663E100A5E0C1 /* SpellChecker */ = {
			isa = PBXGroup;
			children = (
				D97AFCDD245E851E008265CF /* Spell */,
				D9D8DCE1245F46CB0013104C /* Wizard */,
				D97AFCDC245E84C0008265CF /* Models */,
				D97AFCDB245E849B008265CF /* Custom UI Components */,
				D92C479724AAED370017485B /* Extensions */,
				D97AFCDA245E8480008265CF /* Data */,
				D97AFCD9245E8448008265CF /* Localization */,
				6B80AC86216663E100A5E0C1 /* AppDelegate.swift */,
				6B80AC8F216663E300A5E0C1 /* LaunchScreen.storyboard */,
				6B80AC8A216663E200A5E0C1 /* Main.storyboard */,
				D9D40D75235E99F40041DD12 /* SpellChecker-Bridging-Header.h */,
				6B80AC8D216663E300A5E0C1 /* Assets.xcassets */,
				6B80AC92216663E300A5E0C1 /* Info.plist */,
			);
			path = SpellChecker;
			sourceTree = "<group>";
		};
		6B80ACA5216663E300A5E0C1 /* SpellCheckerUITests */ = {
			isa = PBXGroup;
			children = (
				D9D40D76235E9CE10041DD12 /* UITestID.swift */,
				D9D40D6A235E95AC0041DD12 /* Screens */,
				D9D40D70235E96A30041DD12 /* StepDefinitions */,
				D9D40D66235E95510041DD12 /* CucumberishTests.m */,
				D9D40D67235E95510041DD12 /* CucumberishInitializer.swift */,
				D9D40D6E235E95DD0041DD12 /* Features */,
				6B80ACA8216663E300A5E0C1 /* Info.plist */,
			);
			path = SpellCheckerUITests;
			sourceTree = "<group>";
		};
		71444AB8290374E1C24827AD /* Frameworks */ = {
			isa = PBXGroup;
			children = (
				7DB00EE36991BDFB759882E7 /* Pods_SpellChecker.framework */,
				5BCC43598CD4702600A13059 /* Pods_SpellChecker_SpellCheckerUITests.framework */,
			);
			name = Frameworks;
			sourceTree = "<group>";
		};
		D92C479724AAED370017485B /* Extensions */ = {
			isa = PBXGroup;
			children = (
				D92C479824AAED610017485B /* UIViewController+DismissKeyboard.swift */,
			);
			path = Extensions;
			sourceTree = "<group>";
		};
		D97AFCD9245E8448008265CF /* Localization */ = {
			isa = PBXGroup;
			children = (
				D987E592245DD8B6006FE232 /* Localizable.strings */,
				D987E594245DDB4F006FE232 /* Strings.swift */,
			);
			path = Localization;
			sourceTree = "<group>";
		};
		D97AFCDA245E8480008265CF /* Data */ = {
			isa = PBXGroup;
			children = (
				D97AFCD7245E61E2008265CF /* MockData.swift */,
			);
			path = Data;
			sourceTree = "<group>";
		};
		D97AFCDB245E849B008265CF /* Custom UI Components */ = {
			isa = PBXGroup;
			children = (
				D987E598245DFCD7006FE232 /* CustomButton.swift */,
				D9DAF36C245E4D030029EF22 /* ToastOverlay.swift */,
				D9CFB5BD24A93C9600C7603A /* UITextViewFixed.swift */,
			);
			path = "Custom UI Components";
			sourceTree = "<group>";
		};
		D97AFCDC245E84C0008265CF /* Models */ = {
			isa = PBXGroup;
			children = (
				6B80ACB6216664F100A5E0C1 /* Spell.swift */,
				D9D8DCE4245F73170013104C /* SpellType.swift */,
			);
			path = Models;
			sourceTree = "<group>";
		};
		D97AFCDD245E851E008265CF /* Spell */ = {
			isa = PBXGroup;
			children = (
				6B45112E216E5F940030F276 /* SpellCell.swift */,
				6B80ACB82166650000A5E0C1 /* SpellStore.swift */,
				6B80ACB42166644700A5E0C1 /* SpellListViewController.swift */,
				6B45112A216D097B0030F276 /* SpellDetailViewController.swift */,
				D9F2BA9724282EDA00668889 /* NewSpellViewController.swift */,
			);
			path = Spell;
			sourceTree = "<group>";
		};
		D9D40D6A235E95AC0041DD12 /* Screens */ = {
			isa = PBXGroup;
			children = (
				D9D40D73235E97220041DD12 /* CheckingSpellsScreen.swift */,
				D92C479524AA7F050017485B /* CreatingSpellsScreen.swift */,
			);
			path = Screens;
			sourceTree = "<group>";
		};
		D9D40D70235E96A30041DD12 /* StepDefinitions */ = {
			isa = PBXGroup;
			children = (
				D9D40D71235E96C60041DD12 /* CheckingSpellsSteps.swift */,
				D92C479124AA7E700017485B /* CreatingSpellsSteps.swift */,
			);
			path = StepDefinitions;
			sourceTree = "<group>";
		};
		D9D8DCE1245F46CB0013104C /* Wizard */ = {
			isa = PBXGroup;
			children = (
				D9D8DCE2245F47590013104C /* WizardViewController.swift */,
			);
			path = Wizard;
			sourceTree = "<group>";
		};
		F47DAE16B0F1417FBD70B67E /* Pods */ = {
			isa = PBXGroup;
			children = (
				F972B4D2A02C50576A4CE37E /* Pods-SpellChecker.debug.xcconfig */,
				67F6A089A72AD239B525F838 /* Pods-SpellChecker.release.xcconfig */,
				1CF91DAD43C40DC064595441 /* Pods-SpellChecker-SpellCheckerUITests.debug.xcconfig */,
				DE69BCF1D2A960FA058A6EA7 /* Pods-SpellChecker-SpellCheckerUITests.release.xcconfig */,
			);
			path = Pods;
			sourceTree = "<group>";
		};
/* End PBXGroup section */

/* Begin PBXNativeTarget section */
		6B80AC82216663E100A5E0C1 /* SpellChecker */ = {
			isa = PBXNativeTarget;
			buildConfigurationList = 6B80ACAB216663E300A5E0C1 /* Build configuration list for PBXNativeTarget "SpellChecker" */;
			buildPhases = (
				293299B904C55BAC506648EE /* [CP] Check Pods Manifest.lock */,
				6B80AC7F216663E100A5E0C1 /* Sources */,
				6B80AC80216663E100A5E0C1 /* Frameworks */,
				6B80AC81216663E100A5E0C1 /* Resources */,
			);
			buildRules = (
			);
			dependencies = (
			);
			name = SpellChecker;
			productName = LootLogger;
			productReference = 6B80AC83216663E100A5E0C1 /* SpellChecker.app */;
			productType = "com.apple.product-type.application";
		};
		6B80ACA1216663E300A5E0C1 /* SpellCheckerUITests */ = {
			isa = PBXNativeTarget;
			buildConfigurationList = 6B80ACB1216663E300A5E0C1 /* Build configuration list for PBXNativeTarget "SpellCheckerUITests" */;
			buildPhases = (
				778D6E038CD32C3E4EC53C3B /* [CP] Check Pods Manifest.lock */,
				6B80AC9E216663E300A5E0C1 /* Sources */,
				6B80AC9F216663E300A5E0C1 /* Frameworks */,
				6B80ACA0216663E300A5E0C1 /* Resources */,
				55875F9D8EECCC332503740A /* [CP] Embed Pods Frameworks */,
			);
			buildRules = (
			);
			dependencies = (
				6B80ACA4216663E300A5E0C1 /* PBXTargetDependency */,
			);
			name = SpellCheckerUITests;
			productName = LootLoggerUITests;
			productReference = 6B80ACA2216663E300A5E0C1 /* SpellCheckerUITests.xctest */;
			productType = "com.apple.product-type.bundle.ui-testing";
		};
/* End PBXNativeTarget section */

/* Begin PBXProject section */
		6B80AC7B216663E100A5E0C1 /* Project object */ = {
			isa = PBXProject;
			attributes = {
				LastSwiftUpdateCheck = 1000;
				LastUpgradeCheck = 1000;
				ORGANIZATIONNAME = "Rafael Claycon Schmitt";
				TargetAttributes = {
					6B80AC82216663E100A5E0C1 = {
						CreatedOnToolsVersion = 10.0;
					};
					6B80ACA1216663E300A5E0C1 = {
						CreatedOnToolsVersion = 10.0;
						LastSwiftMigration = 1110;
						TestTargetID = 6B80AC82216663E100A5E0C1;
					};
				};
			};
			buildConfigurationList = 6B80AC7E216663E100A5E0C1 /* Build configuration list for PBXProject "SpellChecker" */;
			compatibilityVersion = "Xcode 9.3";
			developmentRegion = en;
			hasScannedForEncodings = 0;
			knownRegions = (
				en,
				Base,
				"pt-BR",
				"fr-CA",
			);
			mainGroup = 6B80AC7A216663E100A5E0C1;
			productRefGroup = 6B80AC84216663E100A5E0C1 /* Products */;
			projectDirPath = "";
			projectRoot = "";
			targets = (
				6B80AC82216663E100A5E0C1 /* SpellChecker */,
				6B80ACA1216663E300A5E0C1 /* SpellCheckerUITests */,
			);
		};
/* End PBXProject section */

/* Begin PBXResourcesBuildPhase section */
		6B80AC81216663E100A5E0C1 /* Resources */ = {
			isa = PBXResourcesBuildPhase;
			buildActionMask = 2147483647;
			files = (
				6B80AC91216663E300A5E0C1 /* LaunchScreen.storyboard in Resources */,
				D987E590245DD8B6006FE232 /* Localizable.strings in Resources */,
				6B80AC8E216663E300A5E0C1 /* Assets.xcassets in Resources */,
				6B80AC8C216663E200A5E0C1 /* Main.storyboard in Resources */,
			);
			runOnlyForDeploymentPostprocessing = 0;
		};
		6B80ACA0216663E300A5E0C1 /* Resources */ = {
			isa = PBXResourcesBuildPhase;
			buildActionMask = 2147483647;
			files = (
				D9D40D6F235E95DD0041DD12 /* Features in Resources */,
			);
			runOnlyForDeploymentPostprocessing = 0;
		};
/* End PBXResourcesBuildPhase section */

/* Begin PBXShellScriptBuildPhase section */
		293299B904C55BAC506648EE /* [CP] Check Pods Manifest.lock */ = {
			isa = PBXShellScriptBuildPhase;
			buildActionMask = 2147483647;
			files = (
			);
			inputFileListPaths = (
			);
			inputPaths = (
				"${PODS_PODFILE_DIR_PATH}/Podfile.lock",
				"${PODS_ROOT}/Manifest.lock",
			);
			name = "[CP] Check Pods Manifest.lock";
			outputFileListPaths = (
			);
			outputPaths = (
				"$(DERIVED_FILE_DIR)/Pods-SpellChecker-checkManifestLockResult.txt",
			);
			runOnlyForDeploymentPostprocessing = 0;
			shellPath = /bin/sh;
			shellScript = "diff \"${PODS_PODFILE_DIR_PATH}/Podfile.lock\" \"${PODS_ROOT}/Manifest.lock\" > /dev/null\nif [ $? != 0 ] ; then\n    # print error to STDERR\n    echo \"error: The sandbox is not in sync with the Podfile.lock. Run 'pod install' or update your CocoaPods installation.\" >&2\n    exit 1\nfi\n# This output is used by Xcode 'outputs' to avoid re-running this script phase.\necho \"SUCCESS\" > \"${SCRIPT_OUTPUT_FILE_0}\"\n";
			showEnvVarsInLog = 0;
		};
		55875F9D8EECCC332503740A /* [CP] Embed Pods Frameworks */ = {
			isa = PBXShellScriptBuildPhase;
			buildActionMask = 2147483647;
			files = (
			);
			inputFileListPaths = (
			);
			inputPaths = (
				"${PODS_ROOT}/Target Support Files/Pods-SpellChecker-SpellCheckerUITests/Pods-SpellChecker-SpellCheckerUITests-frameworks.sh",
				"${BUILT_PRODUCTS_DIR}/Cucumberish/Cucumberish.framework",
			);
			name = "[CP] Embed Pods Frameworks";
			outputFileListPaths = (
			);
			outputPaths = (
				"${TARGET_BUILD_DIR}/${FRAMEWORKS_FOLDER_PATH}/Cucumberish.framework",
			);
			runOnlyForDeploymentPostprocessing = 0;
			shellPath = /bin/sh;
			shellScript = "\"${PODS_ROOT}/Target Support Files/Pods-SpellChecker-SpellCheckerUITests/Pods-SpellChecker-SpellCheckerUITests-frameworks.sh\"\n";
			showEnvVarsInLog = 0;
		};
		778D6E038CD32C3E4EC53C3B /* [CP] Check Pods Manifest.lock */ = {
			isa = PBXShellScriptBuildPhase;
			buildActionMask = 2147483647;
			files = (
			);
			inputFileListPaths = (
			);
			inputPaths = (
				"${PODS_PODFILE_DIR_PATH}/Podfile.lock",
				"${PODS_ROOT}/Manifest.lock",
			);
			name = "[CP] Check Pods Manifest.lock";
			outputFileListPaths = (
			);
			outputPaths = (
				"$(DERIVED_FILE_DIR)/Pods-SpellChecker-SpellCheckerUITests-checkManifestLockResult.txt",
			);
			runOnlyForDeploymentPostprocessing = 0;
			shellPath = /bin/sh;
			shellScript = "diff \"${PODS_PODFILE_DIR_PATH}/Podfile.lock\" \"${PODS_ROOT}/Manifest.lock\" > /dev/null\nif [ $? != 0 ] ; then\n    # print error to STDERR\n    echo \"error: The sandbox is not in sync with the Podfile.lock. Run 'pod install' or update your CocoaPods installation.\" >&2\n    exit 1\nfi\n# This output is used by Xcode 'outputs' to avoid re-running this script phase.\necho \"SUCCESS\" > \"${SCRIPT_OUTPUT_FILE_0}\"\n";
			showEnvVarsInLog = 0;
		};
/* End PBXShellScriptBuildPhase section */

/* Begin PBXSourcesBuildPhase section */
		6B80AC7F216663E100A5E0C1 /* Sources */ = {
			isa = PBXSourcesBuildPhase;
			buildActionMask = 2147483647;
			files = (
				D9D8DCE5245F73170013104C /* SpellType.swift in Sources */,
				D9F2BA9824282EDA00668889 /* NewSpellViewController.swift in Sources */,
				D97AFCD8245E61E2008265CF /* MockData.swift in Sources */,
				D987E595245DDB4F006FE232 /* Strings.swift in Sources */,
				6B80ACB7216664F100A5E0C1 /* Spell.swift in Sources */,
				6B80ACB52166644700A5E0C1 /* SpellListViewController.swift in Sources */,
				D92C479924AAED610017485B /* UIViewController+DismissKeyboard.swift in Sources */,
				D9DAF36D245E4D030029EF22 /* ToastOverlay.swift in Sources */,
				D987E599245DFCD7006FE232 /* CustomButton.swift in Sources */,
				6B45112F216E5F940030F276 /* SpellCell.swift in Sources */,
				D9CFB5BE24A93C9600C7603A /* UITextViewFixed.swift in Sources */,
				D9D8DCE3245F47590013104C /* WizardViewController.swift in Sources */,
				6B80ACB92166650000A5E0C1 /* SpellStore.swift in Sources */,
				D9D40D77235E9CE10041DD12 /* UITestID.swift in Sources */,
				6B80AC87216663E100A5E0C1 /* AppDelegate.swift in Sources */,
				6B45112B216D097B0030F276 /* SpellDetailViewController.swift in Sources */,
			);
			runOnlyForDeploymentPostprocessing = 0;
		};
		6B80AC9E216663E300A5E0C1 /* Sources */ = {
			isa = PBXSourcesBuildPhase;
			buildActionMask = 2147483647;
			files = (
				D9D40D74235E97220041DD12 /* CheckingSpellsScreen.swift in Sources */,
				D9D40D72235E96C60041DD12 /* CheckingSpellsSteps.swift in Sources */,
				D9D40D68235E95510041DD12 /* CucumberishTests.m in Sources */,
				D9D40D69235E95510041DD12 /* CucumberishInitializer.swift in Sources */,
				D9D40D78235E9CE10041DD12 /* UITestID.swift in Sources */,
				D92C479624AA7F050017485B /* CreatingSpellsScreen.swift in Sources */,
				D92C479224AA7E700017485B /* CreatingSpellsSteps.swift in Sources */,
			);
			runOnlyForDeploymentPostprocessing = 0;
		};
/* End PBXSourcesBuildPhase section */

/* Begin PBXTargetDependency section */
		6B80ACA4216663E300A5E0C1 /* PBXTargetDependency */ = {
			isa = PBXTargetDependency;
			target = 6B80AC82216663E100A5E0C1 /* SpellChecker */;
			targetProxy = 6B80ACA3216663E300A5E0C1 /* PBXContainerItemProxy */;
		};
/* End PBXTargetDependency section */

/* Begin PBXVariantGroup section */
		6B80AC8A216663E200A5E0C1 /* Main.storyboard */ = {
			isa = PBXVariantGroup;
			children = (
				6B80AC8B216663E200A5E0C1 /* Base */,
				D987E58D245DD6D5006FE232 /* pt-BR */,
				D987E596245DDD1E006FE232 /* fr-CA */,
			);
			name = Main.storyboard;
			sourceTree = "<group>";
		};
		6B80AC8F216663E300A5E0C1 /* LaunchScreen.storyboard */ = {
			isa = PBXVariantGroup;
			children = (
				6B80AC90216663E300A5E0C1 /* Base */,
			);
			name = LaunchScreen.storyboard;
			sourceTree = "<group>";
		};
		D987E592245DD8B6006FE232 /* Localizable.strings */ = {
			isa = PBXVariantGroup;
			children = (
				D987E591245DD8B6006FE232 /* en */,
				D987E593245DD8BC006FE232 /* pt-BR */,
				D987E597245DDD1E006FE232 /* fr-CA */,
			);
			name = Localizable.strings;
			sourceTree = "<group>";
		};
/* End PBXVariantGroup section */

/* Begin XCBuildConfiguration section */
		6B80ACA9216663E300A5E0C1 /* Debug */ = {
			isa = XCBuildConfiguration;
			buildSettings = {
				ALWAYS_SEARCH_USER_PATHS = NO;
				CLANG_ANALYZER_LOCALIZABILITY_NONLOCALIZED = YES;
				CLANG_ANALYZER_NONNULL = YES;
				CLANG_ANALYZER_NUMBER_OBJECT_CONVERSION = YES_AGGRESSIVE;
				CLANG_CXX_LANGUAGE_STANDARD = "gnu++14";
				CLANG_CXX_LIBRARY = "libc++";
				CLANG_ENABLE_MODULES = YES;
				CLANG_ENABLE_OBJC_ARC = YES;
				CLANG_ENABLE_OBJC_WEAK = YES;
				CLANG_WARN_BLOCK_CAPTURE_AUTORELEASING = YES;
				CLANG_WARN_BOOL_CONVERSION = YES;
				CLANG_WARN_COMMA = YES;
				CLANG_WARN_CONSTANT_CONVERSION = YES;
				CLANG_WARN_DEPRECATED_OBJC_IMPLEMENTATIONS = YES;
				CLANG_WARN_DIRECT_OBJC_ISA_USAGE = YES_ERROR;
				CLANG_WARN_DOCUMENTATION_COMMENTS = YES;
				CLANG_WARN_EMPTY_BODY = YES;
				CLANG_WARN_ENUM_CONVERSION = YES;
				CLANG_WARN_INFINITE_RECURSION = YES;
				CLANG_WARN_INT_CONVERSION = YES;
				CLANG_WARN_NON_LITERAL_NULL_CONVERSION = YES;
				CLANG_WARN_OBJC_IMPLICIT_RETAIN_SELF = YES;
				CLANG_WARN_OBJC_LITERAL_CONVERSION = YES;
				CLANG_WARN_OBJC_ROOT_CLASS = YES_ERROR;
				CLANG_WARN_RANGE_LOOP_ANALYSIS = YES;
				CLANG_WARN_STRICT_PROTOTYPES = YES;
				CLANG_WARN_SUSPICIOUS_MOVE = YES;
				CLANG_WARN_UNGUARDED_AVAILABILITY = YES_AGGRESSIVE;
				CLANG_WARN_UNREACHABLE_CODE = YES;
				CLANG_WARN__DUPLICATE_METHOD_MATCH = YES;
				CODE_SIGN_IDENTITY = "iPhone Developer";
				COPY_PHASE_STRIP = NO;
				DEBUG_INFORMATION_FORMAT = dwarf;
				ENABLE_STRICT_OBJC_MSGSEND = YES;
				ENABLE_TESTABILITY = YES;
				GCC_C_LANGUAGE_STANDARD = gnu11;
				GCC_DYNAMIC_NO_PIC = NO;
				GCC_NO_COMMON_BLOCKS = YES;
				GCC_OPTIMIZATION_LEVEL = 0;
				GCC_PREPROCESSOR_DEFINITIONS = (
					"DEBUG=1",
					"$(inherited)",
				);
				GCC_WARN_64_TO_32_BIT_CONVERSION = YES;
				GCC_WARN_ABOUT_RETURN_TYPE = YES_ERROR;
				GCC_WARN_UNDECLARED_SELECTOR = YES;
				GCC_WARN_UNINITIALIZED_AUTOS = YES_AGGRESSIVE;
				GCC_WARN_UNUSED_FUNCTION = YES;
				GCC_WARN_UNUSED_VARIABLE = YES;
				IPHONEOS_DEPLOYMENT_TARGET = 13.0;
				MTL_ENABLE_DEBUG_INFO = INCLUDE_SOURCE;
				MTL_FAST_MATH = YES;
				ONLY_ACTIVE_ARCH = YES;
				SDKROOT = iphoneos;
				SWIFT_ACTIVE_COMPILATION_CONDITIONS = DEBUG;
				SWIFT_OPTIMIZATION_LEVEL = "-Onone";
			};
			name = Debug;
		};
		6B80ACAA216663E300A5E0C1 /* Release */ = {
			isa = XCBuildConfiguration;
			buildSettings = {
				ALWAYS_SEARCH_USER_PATHS = NO;
				CLANG_ANALYZER_LOCALIZABILITY_NONLOCALIZED = YES;
				CLANG_ANALYZER_NONNULL = YES;
				CLANG_ANALYZER_NUMBER_OBJECT_CONVERSION = YES_AGGRESSIVE;
				CLANG_CXX_LANGUAGE_STANDARD = "gnu++14";
				CLANG_CXX_LIBRARY = "libc++";
				CLANG_ENABLE_MODULES = YES;
				CLANG_ENABLE_OBJC_ARC = YES;
				CLANG_ENABLE_OBJC_WEAK = YES;
				CLANG_WARN_BLOCK_CAPTURE_AUTORELEASING = YES;
				CLANG_WARN_BOOL_CONVERSION = YES;
				CLANG_WARN_COMMA = YES;
				CLANG_WARN_CONSTANT_CONVERSION = YES;
				CLANG_WARN_DEPRECATED_OBJC_IMPLEMENTATIONS = YES;
				CLANG_WARN_DIRECT_OBJC_ISA_USAGE = YES_ERROR;
				CLANG_WARN_DOCUMENTATION_COMMENTS = YES;
				CLANG_WARN_EMPTY_BODY = YES;
				CLANG_WARN_ENUM_CONVERSION = YES;
				CLANG_WARN_INFINITE_RECURSION = YES;
				CLANG_WARN_INT_CONVERSION = YES;
				CLANG_WARN_NON_LITERAL_NULL_CONVERSION = YES;
				CLANG_WARN_OBJC_IMPLICIT_RETAIN_SELF = YES;
				CLANG_WARN_OBJC_LITERAL_CONVERSION = YES;
				CLANG_WARN_OBJC_ROOT_CLASS = YES_ERROR;
				CLANG_WARN_RANGE_LOOP_ANALYSIS = YES;
				CLANG_WARN_STRICT_PROTOTYPES = YES;
				CLANG_WARN_SUSPICIOUS_MOVE = YES;
				CLANG_WARN_UNGUARDED_AVAILABILITY = YES_AGGRESSIVE;
				CLANG_WARN_UNREACHABLE_CODE = YES;
				CLANG_WARN__DUPLICATE_METHOD_MATCH = YES;
				CODE_SIGN_IDENTITY = "iPhone Developer";
				COPY_PHASE_STRIP = NO;
				DEBUG_INFORMATION_FORMAT = "dwarf-with-dsym";
				ENABLE_NS_ASSERTIONS = NO;
				ENABLE_STRICT_OBJC_MSGSEND = YES;
				GCC_C_LANGUAGE_STANDARD = gnu11;
				GCC_NO_COMMON_BLOCKS = YES;
				GCC_WARN_64_TO_32_BIT_CONVERSION = YES;
				GCC_WARN_ABOUT_RETURN_TYPE = YES_ERROR;
				GCC_WARN_UNDECLARED_SELECTOR = YES;
				GCC_WARN_UNINITIALIZED_AUTOS = YES_AGGRESSIVE;
				GCC_WARN_UNUSED_FUNCTION = YES;
				GCC_WARN_UNUSED_VARIABLE = YES;
				IPHONEOS_DEPLOYMENT_TARGET = 13.0;
				MTL_ENABLE_DEBUG_INFO = NO;
				MTL_FAST_MATH = YES;
				SDKROOT = iphoneos;
				SWIFT_COMPILATION_MODE = wholemodule;
				SWIFT_OPTIMIZATION_LEVEL = "-O";
				VALIDATE_PRODUCT = YES;
			};
			name = Release;
		};
		6B80ACAC216663E300A5E0C1 /* Debug */ = {
			isa = XCBuildConfiguration;
			baseConfigurationReference = F972B4D2A02C50576A4CE37E /* Pods-SpellChecker.debug.xcconfig */;
			buildSettings = {
				ASSETCATALOG_COMPILER_APPICON_NAME = AppIcon;
				CODE_SIGN_STYLE = Automatic;
				CURRENT_PROJECT_VERSION = 1;
				DEVELOPMENT_TEAM = L8X3H5XA82;
				INFOPLIST_FILE = SpellChecker/Info.plist;
				IPHONEOS_DEPLOYMENT_TARGET = 13.0;
				LD_RUNPATH_SEARCH_PATHS = (
					"$(inherited)",
					"@executable_path/Frameworks",
				);
				MARKETING_VERSION = 1.0;
				PRODUCT_BUNDLE_IDENTIFIER = com.rafaelschmitt.SpellChecker;
				PRODUCT_NAME = SpellChecker;
				SWIFT_VERSION = 4.2;
				TARGETED_DEVICE_FAMILY = 1;
			};
			name = Debug;
		};
		6B80ACAD216663E300A5E0C1 /* Release */ = {
			isa = XCBuildConfiguration;
			baseConfigurationReference = 67F6A089A72AD239B525F838 /* Pods-SpellChecker.release.xcconfig */;
			buildSettings = {
				ASSETCATALOG_COMPILER_APPICON_NAME = AppIcon;
				CODE_SIGN_STYLE = Automatic;
				CURRENT_PROJECT_VERSION = 1;
				DEVELOPMENT_TEAM = L8X3H5XA82;
				INFOPLIST_FILE = SpellChecker/Info.plist;
				IPHONEOS_DEPLOYMENT_TARGET = 13.0;
				LD_RUNPATH_SEARCH_PATHS = (
					"$(inherited)",
					"@executable_path/Frameworks",
				);
				MARKETING_VERSION = 1.0;
				PRODUCT_BUNDLE_IDENTIFIER = com.rafaelschmitt.SpellChecker;
				PRODUCT_NAME = SpellChecker;
				SWIFT_VERSION = 4.2;
				TARGETED_DEVICE_FAMILY = 1;
			};
			name = Release;
		};
		6B80ACB2216663E300A5E0C1 /* Debug */ = {
			isa = XCBuildConfiguration;
			baseConfigurationReference = 1CF91DAD43C40DC064595441 /* Pods-SpellChecker-SpellCheckerUITests.debug.xcconfig */;
			buildSettings = {
				ALWAYS_EMBED_SWIFT_STANDARD_LIBRARIES = YES;
				CLANG_ENABLE_MODULES = YES;
				CODE_SIGN_STYLE = Automatic;
				DEFINES_MODULE = YES;
				INFOPLIST_FILE = SpellCheckerUITests/Info.plist;
				LD_RUNPATH_SEARCH_PATHS = (
					"$(inherited)",
					"@executable_path/Frameworks",
					"@loader_path/Frameworks",
				);
				PRODUCT_BUNDLE_IDENTIFIER = com.rafaelschmitt.SpellCheckerUITests;
				PRODUCT_NAME = "$(TARGET_NAME)";
				PROVISIONING_PROFILE = "";
				SWIFT_OBJC_BRIDGING_HEADER = "SpellChecker/SpellChecker-Bridging-Header.h";
				SWIFT_OPTIMIZATION_LEVEL = "-Onone";
				SWIFT_VERSION = 4.2;
				TARGETED_DEVICE_FAMILY = "1,2";
				TEST_TARGET_NAME = SpellChecker;
			};
			name = Debug;
		};
		6B80ACB3216663E300A5E0C1 /* Release */ = {
			isa = XCBuildConfiguration;
			baseConfigurationReference = DE69BCF1D2A960FA058A6EA7 /* Pods-SpellChecker-SpellCheckerUITests.release.xcconfig */;
			buildSettings = {
				ALWAYS_EMBED_SWIFT_STANDARD_LIBRARIES = YES;
				CLANG_ENABLE_MODULES = YES;
				CODE_SIGN_STYLE = Automatic;
				DEFINES_MODULE = YES;
				INFOPLIST_FILE = SpellCheckerUITests/Info.plist;
				LD_RUNPATH_SEARCH_PATHS = (
					"$(inherited)",
					"@executable_path/Frameworks",
					"@loader_path/Frameworks",
				);
				PRODUCT_BUNDLE_IDENTIFIER = com.rafaelschmitt.SpellCheckerUITests;
				PRODUCT_NAME = "$(TARGET_NAME)";
				PROVISIONING_PROFILE = "";
				SWIFT_OBJC_BRIDGING_HEADER = "SpellChecker/SpellChecker-Bridging-Header.h";
				SWIFT_VERSION = 4.2;
				TARGETED_DEVICE_FAMILY = "1,2";
				TEST_TARGET_NAME = SpellChecker;
			};
			name = Release;
		};
/* End XCBuildConfiguration section */

/* Begin XCConfigurationList section */
		6B80AC7E216663E100A5E0C1 /* Build configuration list for PBXProject "SpellChecker" */ = {
			isa = XCConfigurationList;
			buildConfigurations = (
				6B80ACA9216663E300A5E0C1 /* Debug */,
				6B80ACAA216663E300A5E0C1 /* Release */,
			);
			defaultConfigurationIsVisible = 0;
			defaultConfigurationName = Release;
		};
		6B80ACAB216663E300A5E0C1 /* Build configuration list for PBXNativeTarget "SpellChecker" */ = {
			isa = XCConfigurationList;
			buildConfigurations = (
				6B80ACAC216663E300A5E0C1 /* Debug */,
				6B80ACAD216663E300A5E0C1 /* Release */,
			);
			defaultConfigurationIsVisible = 0;
			defaultConfigurationName = Release;
		};
		6B80ACB1216663E300A5E0C1 /* Build configuration list for PBXNativeTarget "SpellCheckerUITests" */ = {
			isa = XCConfigurationList;
			buildConfigurations = (
				6B80ACB2216663E300A5E0C1 /* Debug */,
				6B80ACB3216663E300A5E0C1 /* Release */,
			);
			defaultConfigurationIsVisible = 0;
			defaultConfigurationName = Release;
		};
/* End XCConfigurationList section */
	};
	rootObject = 6B80AC7B216663E100A5E0C1 /* Project object */;
}
